# This file is autogenerated, do not edit; changes may be undone by the next 'dep ensure'.


[[projects]]
  digest = "1:c2f29d12d7292c05a2b9579e10e71a822b06b5be4b55a16b23fffa6429e13403"
  name = "github.com/google/subcommands"
  packages = ["."]
  pruneopts = "NT"
  revision = "d47216cd17848d55a33e6f651cbe408243ed55b8"
  version = "1.0.1"

[solve-meta]
  analyzer-name = "dep"
  analyzer-version = 1
  input-imports = ["github.com/google/subcommands"]
  solver-name = "gps-cdcl"
  solver-version = 1
